github.com/go-sql-driver/mysql v1.9.3 h1:OSmL3wymcF+O4gZx+KcXf5mW9fO9a6xj7WfQj2X4GJ8=
github.com/go-sql-driver/mysql v1.9.3/go.mod h1:qn46aNg133fJeW9j33Z5GQ7Q9F9nY+8qgP8pQfYcQeU=
github.com/gofiber/fiber/v3 v3.0.0 h1:8rF4c0k1x7wqL9Q5J3Ww+fWf3RrVf7wW9e3p2K9u0xY=
github.com/gofiber/fiber/v3 v3.0.0/go.mod h1:0YQ4M7Q3Gqv8mV5v6n0h3q6s4h8z2t7b4r1p9m5x0aA=
